Microsoft Visual Studio Solution File, Format Version 12.00
# Visual Studio Version 17
VisualStudioVersion = 17.5.2.0
MinimumVisualStudioVersion = 10.0.40219.1
Project("{FAE04EC0-301F-11D3-BF4B-00C04F79EFBC}") = "SoHoaFormApi", "SoHoaFormApi.csproj", "{D8FA583B-9BCA-19C7-998C-D42DBB877592}"
EndProject
Global
	GlobalSection(SolutionConfigurationPlatforms) = preSolution
		Debug|Any CPU = Debug|Any CPU
		Release|Any CPU = Release|Any CPU
	EndGlobalSection
	GlobalSection(ProjectConfigurationPlatforms) = postSolution
		{D8FA583B-9BCA-19C7-998C-D42DBB877592}.Debug|Any CPU.ActiveCfg = Debug|Any CPU
		{D8FA583B-9BCA-19C7-998C-D42DBB877592}.Debug|Any CPU.Build.0 = Debug|Any CPU
		{D8FA583B-9BCA-19C7-998C-D42DBB877592}.Release|Any CPU.ActiveCfg = Release|Any CPU
		{D8FA583B-9BCA-19C7-998C-D42DBB877592}.Release|Any CPU.Build.0 = Release|Any CPU
	EndGlobalSection
	GlobalSection(SolutionProperties) = preSolution
		HideSolutionNode = FALSE
	EndGlobalSection
	GlobalSection(ExtensibilityGlobals) = postSolution
		SolutionGuid = {C1FA3C66-6D44-475B-81B1-A0E129079B02}
	EndGlobalSection
EndGlobal
